
Microsoft Visual Studio Solution File, Format Version 12.00
Project("{FAE04EC0-301F-11D3-BF4B-00C04F79EFBC}") = "Ananke", "Ananke.csproj", "{FF552020-B0D5-4EA2-9D46-0C1F98A03EEF}"
EndProject
Global
	GlobalSection(SolutionConfigurationPlatforms) = preSolution
		Debug|Any CPU = Debug|Any CPU
		Release|Any CPU = Release|Any CPU
	EndGlobalSection
	GlobalSection(ProjectConfigurationPlatforms) = postSolution
		{FF552020-B0D5-4EA2-9D46-0C1F98A03EEF}.Debug|Any CPU.ActiveCfg = Debug|Any CPU
		{FF552020-B0D5-4EA2-9D46-0C1F98A03EEF}.Debug|Any CPU.Build.0 = Debug|Any CPU
		{FF552020-B0D5-4EA2-9D46-0C1F98A03EEF}.Release|Any CPU.ActiveCfg = Release|Any CPU
		{FF552020-B0D5-4EA2-9D46-0C1F98A03EEF}.Release|Any CPU.Build.0 = Release|Any CPU
	EndGlobalSection
EndGlobal
